
Microsoft Visual Studio Solution File, Format Version 12.00
# Visual Studio 15
VisualStudioVersion = 15.0.27130.2020
MinimumVisualStudioVersion = 10.0.40219.1
Project("{FAE04EC0-301F-11D3-BF4B-00C04F79EFBC}") = "TaskManagerAPI", "TaskManagerAPI\TaskManagerAPI.csproj", "{58E8E93A-7023-43E8-A0D0-90E9D8298B73}"
EndProject
Global
	GlobalSection(SolutionConfigurationPlatforms) = preSolution
		Debug|Any CPU = Debug|Any CPU
		Release|Any CPU = Release|Any CPU
	EndGlobalSection
	GlobalSection(ProjectConfigurationPlatforms) = postSolution
		{58E8E93A-7023-43E8-A0D0-90E9D8298B73}.Debug|Any CPU.ActiveCfg = Debug|Any CPU
		{58E8E93A-7023-43E8-A0D0-90E9D8298B73}.Debug|Any CPU.Build.0 = Debug|Any CPU
		{58E8E93A-7023-43E8-A0D0-90E9D8298B73}.Release|Any CPU.ActiveCfg = Release|Any CPU
		{58E8E93A-7023-43E8-A0D0-90E9D8298B73}.Release|Any CPU.Build.0 = Release|Any CPU
	EndGlobalSection
	GlobalSection(SolutionProperties) = preSolution
		HideSolutionNode = FALSE
	EndGlobalSection
	GlobalSection(ExtensibilityGlobals) = postSolution
		SolutionGuid = {100A8AC7-A268-401F-8B84-1F4AF2000D10}
	EndGlobalSection
EndGlobal
